
Microsoft Visual Studio Solution File, Format Version 12.00
# Visual Studio 15
VisualStudioVersion = 15.0.28307.489
MinimumVisualStudioVersion = 10.0.40219.1
Project("{FAE04EC0-301F-11D3-BF4B-00C04F79EFBC}") = "JAP1", "JAP1\JAP1.csproj", "{AB42D0C9-E915-4EF9-A790-71E2B25A02DC}"
EndProject
Global
	GlobalSection(SolutionConfigurationPlatforms) = preSolution
		Debug|Any CPU = Debug|Any CPU
		Release|Any CPU = Release|Any CPU
	EndGlobalSection
	GlobalSection(ProjectConfigurationPlatforms) = postSolution
		{AB42D0C9-E915-4EF9-A790-71E2B25A02DC}.Debug|Any CPU.ActiveCfg = Debug|Any CPU
		{AB42D0C9-E915-4EF9-A790-71E2B25A02DC}.Debug|Any CPU.Build.0 = Debug|Any CPU
		{AB42D0C9-E915-4EF9-A790-71E2B25A02DC}.Release|Any CPU.ActiveCfg = Release|Any CPU
		{AB42D0C9-E915-4EF9-A790-71E2B25A02DC}.Release|Any CPU.Build.0 = Release|Any CPU
	EndGlobalSection
	GlobalSection(SolutionProperties) = preSolution
		HideSolutionNode = FALSE
	EndGlobalSection
	GlobalSection(ExtensibilityGlobals) = postSolution
		SolutionGuid = {743A4EF6-ACC6-4EF3-B2FC-6C5748E4852D}
	EndGlobalSection
EndGlobal
